// !$*UTF8*$!
{
	archiveVersion = 1;
	classes = {
	};
	objectVersion = 51;
	objects = {

/* Begin PBXBuildFile section */
		221E183422C1577D00EF01C3 /* ProfileViewController.swift in Sources */ = {isa = PBXBuildFile; fileRef = 221E183322C1577D00EF01C3 /* ProfileViewController.swift */; };
		2221F34B22BC7A95006D0329 /* MenuViewController.swift in Sources */ = {isa = PBXBuildFile; fileRef = 2221F34A22BC7A95006D0329 /* MenuViewController.swift */; };
		22233DC322C0603900AED895 /* SWRevealViewController.m in Sources */ = {isa = PBXBuildFile; fileRef = 22233DC222C0603900AED895 /* SWRevealViewController.m */; };
		22F0F87422D01BA6001996CC /* ViewQuestionViewController.swift in Sources */ = {isa = PBXBuildFile; fileRef = 22F0F87322D01BA6001996CC /* ViewQuestionViewController.swift */; };
		22F3632B22C1ABB000BC17AD /* icons8-user-50.png in Resources */ = {isa = PBXBuildFile; fileRef = 22F3632A22C1ABB000BC17AD /* icons8-user-50.png */; };
		22F3632D22C1AEC800BC17AD /* icons8-settings-filled-50.png in Resources */ = {isa = PBXBuildFile; fileRef = 22F3632C22C1AEC800BC17AD /* icons8-settings-filled-50.png */; };
		22F3BE8522AB5CC600547467 /* SendViewController.swift in Sources */ = {isa = PBXBuildFile; fileRef = 22F3BE8422AB5CC600547467 /* SendViewController.swift */; };
		22F61035229F75FA00B9404F /* Send.swift in Sources */ = {isa = PBXBuildFile; fileRef = 22F61034229F75FA00B9404F /* Send.swift */; };
		22FC0E4422BDA0DC00151576 /* SettingsViewController.swift in Sources */ = {isa = PBXBuildFile; fileRef = 22FC0E4322BDA0DC00151576 /* SettingsViewController.swift */; };
		AF5CBE71FA88F70019293985 /* Pods_Schooled.framework in Frameworks */ = {isa = PBXBuildFile; fileRef = 60F53B5F83405692DC5854A7 /* Pods_Schooled.framework */; };
		D3012FD022AB7A9A0069709C /* UserDataModel.swift in Sources */ = {isa = PBXBuildFile; fileRef = D3012FCF22AB7A9A0069709C /* UserDataModel.swift */; };
		D308469E22B1B23900CABFA4 /* QuestionCell.swift in Sources */ = {isa = PBXBuildFile; fileRef = D308469D22B1B23900CABFA4 /* QuestionCell.swift */; };
		D30ABD4322B82EB500B68CC0 /* Phototext.swift in Sources */ = {isa = PBXBuildFile; fileRef = D30ABD4222B82EB500B68CC0 /* Phototext.swift */; };
		D38A056F229F33E600F373F2 /* Assets.xcassets in Resources */ = {isa = PBXBuildFile; fileRef = D38A056E229F33E600F373F2 /* Assets.xcassets */; };
		D38A057D229F33E600F373F2 /* SchooledTests.swift in Sources */ = {isa = PBXBuildFile; fileRef = D38A057C229F33E600F373F2 /* SchooledTests.swift */; };
		D38A0588229F33E600F373F2 /* SchooledUITests.swift in Sources */ = {isa = PBXBuildFile; fileRef = D38A0587229F33E600F373F2 /* SchooledUITests.swift */; };
		D3ACA70B22B02D4A00301CFA /* awsconfiguration.json in Resources */ = {isa = PBXBuildFile; fileRef = D3ACA70A22B02D4A00301CFA /* awsconfiguration.json */; };
		D3DCB68D22A242FB00751AF6 /* MFAViewController.xib in Resources */ = {isa = PBXBuildFile; fileRef = D3DCB68C22A242FB00751AF6 /* MFAViewController.xib */; };
		D3DCB68F22A2430900751AF6 /* AppDelegate.swift in Sources */ = {isa = PBXBuildFile; fileRef = D3DCB68E22A2430900751AF6 /* AppDelegate.swift */; };
		D3DCB69722A2438400751AF6 /* MFAViewController.swift in Sources */ = {isa = PBXBuildFile; fileRef = D3DCB69622A2438400751AF6 /* MFAViewController.swift */; };
		D3DCB6A022A243A900751AF6 /* ForgotPasswordViewController.swift in Sources */ = {isa = PBXBuildFile; fileRef = D3DCB69822A243A800751AF6 /* ForgotPasswordViewController.swift */; };
		D3DCB6A122A243A900751AF6 /* SignUpViewController.swift in Sources */ = {isa = PBXBuildFile; fileRef = D3DCB69922A243A800751AF6 /* SignUpViewController.swift */; };
		D3DCB6A222A243A900751AF6 /* UserDetailTableViewController.swift in Sources */ = {isa = PBXBuildFile; fileRef = D3DCB69A22A243A800751AF6 /* UserDetailTableViewController.swift */; };
		D3DCB6A322A243A900751AF6 /* ConfirmSignUpViewController.swift in Sources */ = {isa = PBXBuildFile; fileRef = D3DCB69B22A243A800751AF6 /* ConfirmSignUpViewController.swift */; };
		D3DCB6A422A243A900751AF6 /* DevicesDetailTableViewController.swift in Sources */ = {isa = PBXBuildFile; fileRef = D3DCB69C22A243A900751AF6 /* DevicesDetailTableViewController.swift */; };
		D3DCB6A522A243A900751AF6 /* SignInViewController.swift in Sources */ = {isa = PBXBuildFile; fileRef = D3DCB69D22A243A900751AF6 /* SignInViewController.swift */; };
		D3DCB6A622A243A900751AF6 /* Constants.swift in Sources */ = {isa = PBXBuildFile; fileRef = D3DCB69E22A243A900751AF6 /* Constants.swift */; };
		D3DCB6A722A243A900751AF6 /* ConfirmForgotPasswordViewController.swift in Sources */ = {isa = PBXBuildFile; fileRef = D3DCB69F22A243A900751AF6 /* ConfirmForgotPasswordViewController.swift */; };
		D3EE7F7722A4AFEC0090B00B /* Main.storyboard in Resources */ = {isa = PBXBuildFile; fileRef = D3EE7F7622A4AFEC0090B00B /* Main.storyboard */; };
		D3EE7F7922A4B01E0090B00B /* LaunchScreen.storyboard in Resources */ = {isa = PBXBuildFile; fileRef = D3EE7F7822A4B01E0090B00B /* LaunchScreen.storyboard */; };
/* End PBXBuildFile section */

/* Begin PBXContainerItemProxy section */
		D38A0579229F33E600F373F2 /* PBXContainerItemProxy */ = {
			isa = PBXContainerItemProxy;
			containerPortal = D38A055C229F33E400F373F2 /* Project object */;
			proxyType = 1;
			remoteGlobalIDString = D38A0563229F33E400F373F2;
			remoteInfo = Schooled;
		};
		D38A0584229F33E600F373F2 /* PBXContainerItemProxy */ = {
			isa = PBXContainerItemProxy;
			containerPortal = D38A055C229F33E400F373F2 /* Project object */;
			proxyType = 1;
			remoteGlobalIDString = D38A0563229F33E400F373F2;
			remoteInfo = Schooled;
		};
/* End PBXContainerItemProxy section */

/* Begin PBXFileReference section */
		221E183322C1577D00EF01C3 /* ProfileViewController.swift */ = {isa = PBXFileReference; lastKnownFileType = sourcecode.swift; path = ProfileViewController.swift; sourceTree = "<group>"; };
		2221F34A22BC7A95006D0329 /* MenuViewController.swift */ = {isa = PBXFileReference; lastKnownFileType = sourcecode.swift; path = MenuViewController.swift; sourceTree = "<group>"; };
		2221F34D22BC7B3C006D0329 /* Schooled-Bridging-Header.h */ = {isa = PBXFileReference; lastKnownFileType = sourcecode.c.h; path = "Schooled-Bridging-Header.h"; sourceTree = "<group>"; };
		22233DC122C0603800AED895 /* SWRevealViewController.h */ = {isa = PBXFileReference; fileEncoding = 4; lastKnownFileType = sourcecode.c.h; path = SWRevealViewController.h; sourceTree = "<group>"; };
		22233DC222C0603900AED895 /* SWRevealViewController.m */ = {isa = PBXFileReference; fileEncoding = 4; lastKnownFileType = sourcecode.c.objc; path = SWRevealViewController.m; sourceTree = "<group>"; };
		22F0F87322D01BA6001996CC /* ViewQuestionViewController.swift */ = {isa = PBXFileReference; lastKnownFileType = sourcecode.swift; path = ViewQuestionViewController.swift; sourceTree = "<group>"; };
		22F3632A22C1ABB000BC17AD /* icons8-user-50.png */ = {isa = PBXFileReference; lastKnownFileType = image.png; path = "icons8-user-50.png"; sourceTree = "<group>"; };
		22F3632C22C1AEC800BC17AD /* icons8-settings-filled-50.png */ = {isa = PBXFileReference; lastKnownFileType = image.png; path = "icons8-settings-filled-50.png"; sourceTree = "<group>"; };
		22F3BE8422AB5CC600547467 /* SendViewController.swift */ = {isa = PBXFileReference; lastKnownFileType = sourcecode.swift; path = SendViewController.swift; sourceTree = "<group>"; };
		22F61034229F75FA00B9404F /* Send.swift */ = {isa = PBXFileReference; lastKnownFileType = sourcecode.swift; path = Send.swift; sourceTree = "<group>"; };
		22FC0E4322BDA0DC00151576 /* SettingsViewController.swift */ = {isa = PBXFileReference; lastKnownFileType = sourcecode.swift; path = SettingsViewController.swift; sourceTree = "<group>"; };
		60F53B5F83405692DC5854A7 /* Pods_Schooled.framework */ = {isa = PBXFileReference; explicitFileType = wrapper.framework; includeInIndex = 0; path = Pods_Schooled.framework; sourceTree = BUILT_PRODUCTS_DIR; };
		6E783274B69E923FB12A48E7 /* Pods_SchooledUITests.framework */ = {isa = PBXFileReference; explicitFileType = wrapper.framework; includeInIndex = 0; path = Pods_SchooledUITests.framework; sourceTree = BUILT_PRODUCTS_DIR; };
		82DF732F8D9FFB6660901996 /* Pods-Schooled.debug.xcconfig */ = {isa = PBXFileReference; includeInIndex = 1; lastKnownFileType = text.xcconfig; name = "Pods-Schooled.debug.xcconfig"; path = "Pods/Target Support Files/Pods-Schooled/Pods-Schooled.debug.xcconfig"; sourceTree = "<group>"; };
		8C1E61B1FB5A77716ACBE237 /* Pods-Schooled.release.xcconfig */ = {isa = PBXFileReference; includeInIndex = 1; lastKnownFileType = text.xcconfig; name = "Pods-Schooled.release.xcconfig"; path = "Pods/Target Support Files/Pods-Schooled/Pods-Schooled.release.xcconfig"; sourceTree = "<group>"; };
		9BDCE3DF938D5864DBDA8BB1 /* Pods_SchooledTests.framework */ = {isa = PBXFileReference; explicitFileType = wrapper.framework; includeInIndex = 0; path = Pods_SchooledTests.framework; sourceTree = BUILT_PRODUCTS_DIR; };
		D3012FCF22AB7A9A0069709C /* UserDataModel.swift */ = {isa = PBXFileReference; fileEncoding = 4; lastKnownFileType = sourcecode.swift; path = UserDataModel.swift; sourceTree = "<group>"; };
		D308469D22B1B23900CABFA4 /* QuestionCell.swift */ = {isa = PBXFileReference; lastKnownFileType = sourcecode.swift; path = QuestionCell.swift; sourceTree = "<group>"; };
		D30ABD4222B82EB500B68CC0 /* Phototext.swift */ = {isa = PBXFileReference; fileEncoding = 4; lastKnownFileType = sourcecode.swift; path = Phototext.swift; sourceTree = "<group>"; };
		D38A0564229F33E400F373F2 /* Schooled.app */ = {isa = PBXFileReference; explicitFileType = wrapper.application; includeInIndex = 0; path = Schooled.app; sourceTree = BUILT_PRODUCTS_DIR; };
		D38A056E229F33E600F373F2 /* Assets.xcassets */ = {isa = PBXFileReference; lastKnownFileType = folder.assetcatalog; path = Assets.xcassets; sourceTree = "<group>"; };
		D38A0573229F33E600F373F2 /* Info.plist */ = {isa = PBXFileReference; lastKnownFileType = text.plist.xml; path = Info.plist; sourceTree = "<group>"; };
		D38A0578229F33E600F373F2 /* SchooledTests.xctest */ = {isa = PBXFileReference; explicitFileType = wrapper.cfbundle; includeInIndex = 0; path = SchooledTests.xctest; sourceTree = BUILT_PRODUCTS_DIR; };
		D38A057C229F33E600F373F2 /* SchooledTests.swift */ = {isa = PBXFileReference; lastKnownFileType = sourcecode.swift; path = SchooledTests.swift; sourceTree = "<group>"; };
		D38A057E229F33E600F373F2 /* Info.plist */ = {isa = PBXFileReference; lastKnownFileType = text.plist.xml; path = Info.plist; sourceTree = "<group>"; };
		D38A0583229F33E600F373F2 /* SchooledUITests.xctest */ = {isa = PBXFileReference; explicitFileType = wrapper.cfbundle; includeInIndex = 0; path = SchooledUITests.xctest; sourceTree = BUILT_PRODUCTS_DIR; };
		D38A0587229F33E600F373F2 /* SchooledUITests.swift */ = {isa = PBXFileReference; lastKnownFileType = sourcecode.swift; path = SchooledUITests.swift; sourceTree = "<group>"; };
		D38A0589229F33E600F373F2 /* Info.plist */ = {isa = PBXFileReference; lastKnownFileType = text.plist.xml; path = Info.plist; sourceTree = "<group>"; };
		D3ACA70A22B02D4A00301CFA /* awsconfiguration.json */ = {isa = PBXFileReference; fileEncoding = 4; lastKnownFileType = text.json; path = awsconfiguration.json; sourceTree = "<group>"; };
		D3DCB68C22A242FB00751AF6 /* MFAViewController.xib */ = {isa = PBXFileReference; fileEncoding = 4; lastKnownFileType = file.xib; path = MFAViewController.xib; sourceTree = "<group>"; };
		D3DCB68E22A2430900751AF6 /* AppDelegate.swift */ = {isa = PBXFileReference; fileEncoding = 4; lastKnownFileType = sourcecode.swift; path = AppDelegate.swift; sourceTree = "<group>"; };
		D3DCB69622A2438400751AF6 /* MFAViewController.swift */ = {isa = PBXFileReference; fileEncoding = 4; lastKnownFileType = sourcecode.swift; path = MFAViewController.swift; sourceTree = "<group>"; };
		D3DCB69822A243A800751AF6 /* ForgotPasswordViewController.swift */ = {isa = PBXFileReference; fileEncoding = 4; lastKnownFileType = sourcecode.swift; path = ForgotPasswordViewController.swift; sourceTree = "<group>"; };
		D3DCB69922A243A800751AF6 /* SignUpViewController.swift */ = {isa = PBXFileReference; fileEncoding = 4; lastKnownFileType = sourcecode.swift; path = SignUpViewController.swift; sourceTree = "<group>"; };
		D3DCB69A22A243A800751AF6 /* UserDetailTableViewController.swift */ = {isa = PBXFileReference; fileEncoding = 4; lastKnownFileType = sourcecode.swift; path = UserDetailTableViewController.swift; sourceTree = "<group>"; };
		D3DCB69B22A243A800751AF6 /* ConfirmSignUpViewController.swift */ = {isa = PBXFileReference; fileEncoding = 4; lastKnownFileType = sourcecode.swift; path = ConfirmSignUpViewController.swift; sourceTree = "<group>"; };
		D3DCB69C22A243A900751AF6 /* DevicesDetailTableViewController.swift */ = {isa = PBXFileReference; fileEncoding = 4; lastKnownFileType = sourcecode.swift; path = DevicesDetailTableViewController.swift; sourceTree = "<group>"; };
		D3DCB69D22A243A900751AF6 /* SignInViewController.swift */ = {isa = PBXFileReference; fileEncoding = 4; lastKnownFileType = sourcecode.swift; path = SignInViewController.swift; sourceTree = "<group>"; };
		D3DCB69E22A243A900751AF6 /* Constants.swift */ = {isa = PBXFileReference; fileEncoding = 4; lastKnownFileType = sourcecode.swift; path = Constants.swift; sourceTree = "<group>"; };
		D3DCB69F22A243A900751AF6 /* ConfirmForgotPasswordViewController.swift */ = {isa = PBXFileReference; fileEncoding = 4; lastKnownFileType = sourcecode.swift; path = ConfirmForgotPasswordViewController.swift; sourceTree = "<group>"; };
		D3EE7F7622A4AFEC0090B00B /* Main.storyboard */ = {isa = PBXFileReference; fileEncoding = 4; lastKnownFileType = file.storyboard; path = Main.storyboard; sourceTree = "<group>"; };
		D3EE7F7822A4B01E0090B00B /* LaunchScreen.storyboard */ = {isa = PBXFileReference; fileEncoding = 4; lastKnownFileType = file.storyboard; path = LaunchScreen.storyboard; sourceTree = "<group>"; };
/* End PBXFileReference section */

/* Begin PBXFrameworksBuildPhase section */
		D38A0561229F33E400F373F2 /* Frameworks */ = {
			isa = PBXFrameworksBuildPhase;
			buildActionMask = 2147483647;
			files = (
				AF5CBE71FA88F70019293985 /* Pods_Schooled.framework in Frameworks */,
			);
			runOnlyForDeploymentPostprocessing = 0;
		};
		D38A0575229F33E600F373F2 /* Frameworks */ = {
			isa = PBXFrameworksBuildPhase;
			buildActionMask = 2147483647;
			files = (
			);
			runOnlyForDeploymentPostprocessing = 0;
		};
		D38A0580229F33E600F373F2 /* Frameworks */ = {
			isa = PBXFrameworksBuildPhase;
			buildActionMask = 2147483647;
			files = (
			);
			runOnlyForDeploymentPostprocessing = 0;
		};
/* End PBXFrameworksBuildPhase section */

/* Begin PBXGroup section */
		2221F34C22BC7B15006D0329 /* SWRevealViewController */ = {
			isa = PBXGroup;
			children = (
				22233DC122C0603800AED895 /* SWRevealViewController.h */,
				22233DC222C0603900AED895 /* SWRevealViewController.m */,
				2221F34D22BC7B3C006D0329 /* Schooled-Bridging-Header.h */,
			);
			path = SWRevealViewController;
			sourceTree = "<group>";
		};
		22F3632922C1ABB000BC17AD /* icons */ = {
			isa = PBXGroup;
			children = (
				22F3632A22C1ABB000BC17AD /* icons8-user-50.png */,
				22F3632C22C1AEC800BC17AD /* icons8-settings-filled-50.png */,
			);
			path = icons;
			sourceTree = "<group>";
		};
		D38A055B229F33E400F373F2 = {
			isa = PBXGroup;
			children = (
				D38A0566229F33E400F373F2 /* Schooled */,
				D38A057B229F33E600F373F2 /* SchooledTests */,
				D38A0586229F33E600F373F2 /* SchooledUITests */,
				D38A0565229F33E400F373F2 /* Products */,
				D56EEAD212BDAA6F716E7A1B /* Pods */,
				FBA9E8219FEF13564EFF17A7 /* Frameworks */,
			);
			sourceTree = "<group>";
		};
		D38A0565229F33E400F373F2 /* Products */ = {
			isa = PBXGroup;
			children = (
				D38A0564229F33E400F373F2 /* Schooled.app */,
				D38A0578229F33E600F373F2 /* SchooledTests.xctest */,
				D38A0583229F33E600F373F2 /* SchooledUITests.xctest */,
			);
			name = Products;
			sourceTree = "<group>";
		};
		D38A0566229F33E400F373F2 /* Schooled */ = {
			isa = PBXGroup;
			children = (
				22F3632922C1ABB000BC17AD /* icons */,
				2221F34C22BC7B15006D0329 /* SWRevealViewController */,
				D3DCB68C22A242FB00751AF6 /* MFAViewController.xib */,
				D3DCB68E22A2430900751AF6 /* AppDelegate.swift */,
				D3EE7F7622A4AFEC0090B00B /* Main.storyboard */,
				D38A056E229F33E600F373F2 /* Assets.xcassets */,
				D38A0573229F33E600F373F2 /* Info.plist */,
				D3ACA70A22B02D4A00301CFA /* awsconfiguration.json */,
				22F61034229F75FA00B9404F /* Send.swift */,
				D3012FCF22AB7A9A0069709C /* UserDataModel.swift */,
				D3EE7F7822A4B01E0090B00B /* LaunchScreen.storyboard */,
				D3DCB69622A2438400751AF6 /* MFAViewController.swift */,
				D3DCB69F22A243A900751AF6 /* ConfirmForgotPasswordViewController.swift */,
				D308469D22B1B23900CABFA4 /* QuestionCell.swift */,
				D3DCB69B22A243A800751AF6 /* ConfirmSignUpViewController.swift */,
				D3DCB69E22A243A900751AF6 /* Constants.swift */,
				D3DCB69C22A243A900751AF6 /* DevicesDetailTableViewController.swift */,
				D3DCB69822A243A800751AF6 /* ForgotPasswordViewController.swift */,
				D3DCB69D22A243A900751AF6 /* SignInViewController.swift */,
				D3DCB69922A243A800751AF6 /* SignUpViewController.swift */,
				D3DCB69A22A243A800751AF6 /* UserDetailTableViewController.swift */,
				D30ABD4222B82EB500B68CC0 /* Phototext.swift */,
				22F3BE8422AB5CC600547467 /* SendViewController.swift */,
				2221F34A22BC7A95006D0329 /* MenuViewController.swift */,
				22FC0E4322BDA0DC00151576 /* SettingsViewController.swift */,
				221E183322C1577D00EF01C3 /* ProfileViewController.swift */,
				22F0F87322D01BA6001996CC /* ViewQuestionViewController.swift */,
			);
			path = Schooled;
			sourceTree = "<group>";
		};
		D38A057B229F33E600F373F2 /* SchooledTests */ = {
			isa = PBXGroup;
			children = (
				D38A057C229F33E600F373F2 /* SchooledTests.swift */,
				D38A057E229F33E600F373F2 /* Info.plist */,
			);
			path = SchooledTests;
			sourceTree = "<group>";
		};
		D38A0586229F33E600F373F2 /* SchooledUITests */ = {
			isa = PBXGroup;
			children = (
				D38A0587229F33E600F373F2 /* SchooledUITests.swift */,
				D38A0589229F33E600F373F2 /* Info.plist */,
			);
			path = SchooledUITests;
			sourceTree = "<group>";
		};
		D56EEAD212BDAA6F716E7A1B /* Pods */ = {
			isa = PBXGroup;
			children = (
				82DF732F8D9FFB6660901996 /* Pods-Schooled.debug.xcconfig */,
				8C1E61B1FB5A77716ACBE237 /* Pods-Schooled.release.xcconfig */,
			);
			name = Pods;
			sourceTree = "<group>";
		};
		FBA9E8219FEF13564EFF17A7 /* Frameworks */ = {
			isa = PBXGroup;
			children = (
				60F53B5F83405692DC5854A7 /* Pods_Schooled.framework */,
				9BDCE3DF938D5864DBDA8BB1 /* Pods_SchooledTests.framework */,
				6E783274B69E923FB12A48E7 /* Pods_SchooledUITests.framework */,
			);
			name = Frameworks;
			sourceTree = "<group>";
		};
/* End PBXGroup section */

/* Begin PBXNativeTarget section */
		D38A0563229F33E400F373F2 /* Schooled */ = {
			isa = PBXNativeTarget;
			buildConfigurationList = D38A058C229F33E600F373F2 /* Build configuration list for PBXNativeTarget "Schooled" */;
			buildPhases = (
				A6B6671DE34D1CC99F7FE746 /* [CP] Check Pods Manifest.lock */,
				D38A0560229F33E400F373F2 /* Sources */,
				D38A0561229F33E400F373F2 /* Frameworks */,
				D38A0562229F33E400F373F2 /* Resources */,
				5A2E36C023114CDF7D173163 /* [CP] Embed Pods Frameworks */,
			);
			buildRules = (
			);
			dependencies = (
			);
			name = Schooled;
			productName = Schooled;
			productReference = D38A0564229F33E400F373F2 /* Schooled.app */;
			productType = "com.apple.product-type.application";
		};
		D38A0577229F33E600F373F2 /* SchooledTests */ = {
			isa = PBXNativeTarget;
			buildConfigurationList = D38A058F229F33E600F373F2 /* Build configuration list for PBXNativeTarget "SchooledTests" */;
			buildPhases = (
				D38A0574229F33E600F373F2 /* Sources */,
				D38A0575229F33E600F373F2 /* Frameworks */,
				D38A0576229F33E600F373F2 /* Resources */,
			);
			buildRules = (
			);
			dependencies = (
				D38A057A229F33E600F373F2 /* PBXTargetDependency */,
			);
			name = SchooledTests;
			productName = SchooledTests;
			productReference = D38A0578229F33E600F373F2 /* SchooledTests.xctest */;
			productType = "com.apple.product-type.bundle.unit-test";
		};
		D38A0582229F33E600F373F2 /* SchooledUITests */ = {
			isa = PBXNativeTarget;
			buildConfigurationList = D38A0592229F33E600F373F2 /* Build configuration list for PBXNativeTarget "SchooledUITests" */;
			buildPhases = (
				D38A057F229F33E600F373F2 /* Sources */,
				D38A0580229F33E600F373F2 /* Frameworks */,
				D38A0581229F33E600F373F2 /* Resources */,
			);
			buildRules = (
			);
			dependencies = (
				D38A0585229F33E600F373F2 /* PBXTargetDependency */,
			);
			name = SchooledUITests;
			productName = SchooledUITests;
			productReference = D38A0583229F33E600F373F2 /* SchooledUITests.xctest */;
			productType = "com.apple.product-type.bundle.ui-testing";
		};
/* End PBXNativeTarget section */

/* Begin PBXProject section */
		D38A055C229F33E400F373F2 /* Project object */ = {
			isa = PBXProject;
			attributes = {
				LastSwiftUpdateCheck = 1010;
				LastUpgradeCheck = 1010;
				ORGANIZATIONNAME = "Hussein  Syed";
				TargetAttributes = {
					D38A0563229F33E400F373F2 = {
						CreatedOnToolsVersion = 10.1;
						LastSwiftMigration = 1020;
					};
					D38A0577229F33E600F373F2 = {
						CreatedOnToolsVersion = 10.1;
						TestTargetID = D38A0563229F33E400F373F2;
					};
					D38A0582229F33E600F373F2 = {
						CreatedOnToolsVersion = 10.1;
						TestTargetID = D38A0563229F33E400F373F2;
					};
				};
			};
			buildConfigurationList = D38A055F229F33E400F373F2 /* Build configuration list for PBXProject "Schooled" */;
			compatibilityVersion = "Xcode 9.3";
			developmentRegion = en;
			hasScannedForEncodings = 0;
			knownRegions = (
				en,
				Base,
			);
			mainGroup = D38A055B229F33E400F373F2;
			productRefGroup = D38A0565229F33E400F373F2 /* Products */;
			projectDirPath = "";
			projectRoot = "";
			targets = (
				D38A0563229F33E400F373F2 /* Schooled */,
				D38A0577229F33E600F373F2 /* SchooledTests */,
				D38A0582229F33E600F373F2 /* SchooledUITests */,
			);
		};
/* End PBXProject section */

/* Begin PBXResourcesBuildPhase section */
		D38A0562229F33E400F373F2 /* Resources */ = {
			isa = PBXResourcesBuildPhase;
			buildActionMask = 2147483647;
			files = (
				D38A056F229F33E600F373F2 /* Assets.xcassets in Resources */,
				22F3632B22C1ABB000BC17AD /* icons8-user-50.png in Resources */,
				D3EE7F7922A4B01E0090B00B /* LaunchScreen.storyboard in Resources */,
				D3DCB68D22A242FB00751AF6 /* MFAViewController.xib in Resources */,
				22F3632D22C1AEC800BC17AD /* icons8-settings-filled-50.png in Resources */,
				D3EE7F7722A4AFEC0090B00B /* Main.storyboard in Resources */,
				D3ACA70B22B02D4A00301CFA /* awsconfiguration.json in Resources */,
			);
			runOnlyForDeploymentPostprocessing = 0;
		};
		D38A0576229F33E600F373F2 /* Resources */ = {
			isa = PBXResourcesBuildPhase;
			buildActionMask = 2147483647;
			files = (
			);
			runOnlyForDeploymentPostprocessing = 0;
		};
		D38A0581229F33E600F373F2 /* Resources */ = {
			isa = PBXResourcesBuildPhase;
			buildActionMask = 2147483647;
			files = (
			);
			runOnlyForDeploymentPostprocessing = 0;
		};
/* End PBXResourcesBuildPhase section */

/* Begin PBXShellScriptBuildPhase section */
		5A2E36C023114CDF7D173163 /* [CP] Embed Pods Frameworks */ = {
			isa = PBXShellScriptBuildPhase;
			buildActionMask = 2147483647;
			files = (
			);
			inputFileListPaths = (
				"${PODS_ROOT}/Target Support Files/Pods-Schooled/Pods-Schooled-frameworks-${CONFIGURATION}-input-files.xcfilelist",
			);
			name = "[CP] Embed Pods Frameworks";
			outputFileListPaths = (
				"${PODS_ROOT}/Target Support Files/Pods-Schooled/Pods-Schooled-frameworks-${CONFIGURATION}-output-files.xcfilelist",
			);
			runOnlyForDeploymentPostprocessing = 0;
			shellPath = /bin/sh;
			shellScript = "\"${PODS_ROOT}/Target Support Files/Pods-Schooled/Pods-Schooled-frameworks.sh\"\n";
			showEnvVarsInLog = 0;
		};
		A6B6671DE34D1CC99F7FE746 /* [CP] Check Pods Manifest.lock */ = {
			isa = PBXShellScriptBuildPhase;
			buildActionMask = 2147483647;
			files = (
			);
			inputFileListPaths = (
			);
			inputPaths = (
				"${PODS_PODFILE_DIR_PATH}/Podfile.lock",
				"${PODS_ROOT}/Manifest.lock",
			);
			name = "[CP] Check Pods Manifest.lock";
			outputFileListPaths = (
			);
			outputPaths = (
				"$(DERIVED_FILE_DIR)/Pods-Schooled-checkManifestLockResult.txt",
			);
			runOnlyForDeploymentPostprocessing = 0;
			shellPath = /bin/sh;
			shellScript = "diff \"${PODS_PODFILE_DIR_PATH}/Podfile.lock\" \"${PODS_ROOT}/Manifest.lock\" > /dev/null\nif [ $? != 0 ] ; then\n    # print error to STDERR\n    echo \"error: The sandbox is not in sync with the Podfile.lock. Run 'pod install' or update your CocoaPods installation.\" >&2\n    exit 1\nfi\n# This output is used by Xcode 'outputs' to avoid re-running this script phase.\necho \"SUCCESS\" > \"${SCRIPT_OUTPUT_FILE_0}\"\n";
			showEnvVarsInLog = 0;
		};
/* End PBXShellScriptBuildPhase section */

/* Begin PBXSourcesBuildPhase section */
		D38A0560229F33E400F373F2 /* Sources */ = {
			isa = PBXSourcesBuildPhase;
			buildActionMask = 2147483647;
			files = (
				D3DCB6A022A243A900751AF6 /* ForgotPasswordViewController.swift in Sources */,
				D3DCB6A322A243A900751AF6 /* ConfirmSignUpViewController.swift in Sources */,
				D3DCB68F22A2430900751AF6 /* AppDelegate.swift in Sources */,
				D3DCB6A722A243A900751AF6 /* ConfirmForgotPasswordViewController.swift in Sources */,
				D3DCB69722A2438400751AF6 /* MFAViewController.swift in Sources */,
				22233DC322C0603900AED895 /* SWRevealViewController.m in Sources */,
				D30ABD4322B82EB500B68CC0 /* Phototext.swift in Sources */,
				D3DCB6A222A243A900751AF6 /* UserDetailTableViewController.swift in Sources */,
				2221F34B22BC7A95006D0329 /* MenuViewController.swift in Sources */,
				221E183422C1577D00EF01C3 /* ProfileViewController.swift in Sources */,
				22F0F87422D01BA6001996CC /* ViewQuestionViewController.swift in Sources */,
				D3DCB6A622A243A900751AF6 /* Constants.swift in Sources */,
				D3DCB6A522A243A900751AF6 /* SignInViewController.swift in Sources */,
				22F61035229F75FA00B9404F /* Send.swift in Sources */,
				D308469E22B1B23900CABFA4 /* QuestionCell.swift in Sources */,
				D3DCB6A422A243A900751AF6 /* DevicesDetailTableViewController.swift in Sources */,
				22F3BE8522AB5CC600547467 /* SendViewController.swift in Sources */,
				D3012FD022AB7A9A0069709C /* UserDataModel.swift in Sources */,
				D3DCB6A122A243A900751AF6 /* SignUpViewController.swift in Sources */,
				22FC0E4422BDA0DC00151576 /* SettingsViewController.swift in Sources */,
			);
			runOnlyForDeploymentPostprocessing = 0;
		};
		D38A0574229F33E600F373F2 /* Sources */ = {
			isa = PBXSourcesBuildPhase;
			buildActionMask = 2147483647;
			files = (
				D38A057D229F33E600F373F2 /* SchooledTests.swift in Sources */,
			);
			runOnlyForDeploymentPostprocessing = 0;
		};
		D38A057F229F33E600F373F2 /* Sources */ = {
			isa = PBXSourcesBuildPhase;
			buildActionMask = 2147483647;
			files = (
				D38A0588229F33E600F373F2 /* SchooledUITests.swift in Sources */,
			);
			runOnlyForDeploymentPostprocessing = 0;
		};
/* End PBXSourcesBuildPhase section */

/* Begin PBXTargetDependency section */
		D38A057A229F33E600F373F2 /* PBXTargetDependency */ = {
			isa = PBXTargetDependency;
			target = D38A0563229F33E400F373F2 /* Schooled */;
			targetProxy = D38A0579229F33E600F373F2 /* PBXContainerItemProxy */;
		};
		D38A0585229F33E600F373F2 /* PBXTargetDependency */ = {
			isa = PBXTargetDependency;
			target = D38A0563229F33E400F373F2 /* Schooled */;
			targetProxy = D38A0584229F33E600F373F2 /* PBXContainerItemProxy */;
		};
/* End PBXTargetDependency section */

/* Begin XCBuildConfiguration section */
		D38A058A229F33E600F373F2 /* Debug */ = {
			isa = XCBuildConfiguration;
			buildSettings = {
				ALWAYS_SEARCH_USER_PATHS = NO;
				CLANG_ANALYZER_NONNULL = YES;
				CLANG_ANALYZER_NUMBER_OBJECT_CONVERSION = YES_AGGRESSIVE;
				CLANG_CXX_LANGUAGE_STANDARD = "gnu++14";
				CLANG_CXX_LIBRARY = "libc++";
				CLANG_ENABLE_MODULES = YES;
				CLANG_ENABLE_OBJC_ARC = YES;
				CLANG_ENABLE_OBJC_WEAK = YES;
				CLANG_WARN_BLOCK_CAPTURE_AUTORELEASING = YES;
				CLANG_WARN_BOOL_CONVERSION = YES;
				CLANG_WARN_COMMA = YES;
				CLANG_WARN_CONSTANT_CONVERSION = YES;
				CLANG_WARN_DEPRECATED_OBJC_IMPLEMENTATIONS = YES;
				CLANG_WARN_DIRECT_OBJC_ISA_USAGE = YES_ERROR;
				CLANG_WARN_DOCUMENTATION_COMMENTS = YES;
				CLANG_WARN_EMPTY_BODY = YES;
				CLANG_WARN_ENUM_CONVERSION = YES;
				CLANG_WARN_INFINITE_RECURSION = YES;
				CLANG_WARN_INT_CONVERSION = YES;
				CLANG_WARN_NON_LITERAL_NULL_CONVERSION = YES;
				CLANG_WARN_OBJC_IMPLICIT_RETAIN_SELF = YES;
				CLANG_WARN_OBJC_LITERAL_CONVERSION = YES;
				CLANG_WARN_OBJC_ROOT_CLASS = YES_ERROR;
				CLANG_WARN_RANGE_LOOP_ANALYSIS = YES;
				CLANG_WARN_STRICT_PROTOTYPES = YES;
				CLANG_WARN_SUSPICIOUS_MOVE = YES;
				CLANG_WARN_UNGUARDED_AVAILABILITY = YES_AGGRESSIVE;
				CLANG_WARN_UNREACHABLE_CODE = YES;
				CLANG_WARN__DUPLICATE_METHOD_MATCH = YES;
				CODE_SIGN_IDENTITY = "iPhone Developer";
				COPY_PHASE_STRIP = NO;
				DEBUG_INFORMATION_FORMAT = dwarf;
				ENABLE_STRICT_OBJC_MSGSEND = YES;
				ENABLE_TESTABILITY = YES;
				GCC_C_LANGUAGE_STANDARD = gnu11;
				GCC_DYNAMIC_NO_PIC = NO;
				GCC_NO_COMMON_BLOCKS = YES;
				GCC_OPTIMIZATION_LEVEL = 0;
				GCC_PREPROCESSOR_DEFINITIONS = (
					"DEBUG=1",
					"$(inherited)",
				);
				GCC_WARN_64_TO_32_BIT_CONVERSION = YES;
				GCC_WARN_ABOUT_RETURN_TYPE = YES_ERROR;
				GCC_WARN_UNDECLARED_SELECTOR = YES;
				GCC_WARN_UNINITIALIZED_AUTOS = YES_AGGRESSIVE;
				GCC_WARN_UNUSED_FUNCTION = YES;
				GCC_WARN_UNUSED_VARIABLE = YES;
				IPHONEOS_DEPLOYMENT_TARGET = 12.1;
				MTL_ENABLE_DEBUG_INFO = INCLUDE_SOURCE;
				MTL_FAST_MATH = YES;
				ONLY_ACTIVE_ARCH = YES;
				SDKROOT = iphoneos;
				SWIFT_ACTIVE_COMPILATION_CONDITIONS = DEBUG;
				SWIFT_OPTIMIZATION_LEVEL = "-Onone";
			};
			name = Debug;
		};
		D38A058B229F33E600F373F2 /* Release */ = {
			isa = XCBuildConfiguration;
			buildSettings = {
				ALWAYS_SEARCH_USER_PATHS = NO;
				CLANG_ANALYZER_NONNULL = YES;
				CLANG_ANALYZER_NUMBER_OBJECT_CONVERSION = YES_AGGRESSIVE;
				CLANG_CXX_LANGUAGE_STANDARD = "gnu++14";
				CLANG_CXX_LIBRARY = "libc++";
				CLANG_ENABLE_MODULES = YES;
				CLANG_ENABLE_OBJC_ARC = YES;
				CLANG_ENABLE_OBJC_WEAK = YES;
				CLANG_WARN_BLOCK_CAPTURE_AUTORELEASING = YES;
				CLANG_WARN_BOOL_CONVERSION = YES;
				CLANG_WARN_COMMA = YES;
				CLANG_WARN_CONSTANT_CONVERSION = YES;
				CLANG_WARN_DEPRECATED_OBJC_IMPLEMENTATIONS = YES;
				CLANG_WARN_DIRECT_OBJC_ISA_USAGE = YES_ERROR;
				CLANG_WARN_DOCUMENTATION_COMMENTS = YES;
				CLANG_WARN_EMPTY_BODY = YES;
				CLANG_WARN_ENUM_CONVERSION = YES;
				CLANG_WARN_INFINITE_RECURSION = YES;
				CLANG_WARN_INT_CONVERSION = YES;
				CLANG_WARN_NON_LITERAL_NULL_CONVERSION = YES;
				CLANG_WARN_OBJC_IMPLICIT_RETAIN_SELF = YES;
				CLANG_WARN_OBJC_LITERAL_CONVERSION = YES;
				CLANG_WARN_OBJC_ROOT_CLASS = YES_ERROR;
				CLANG_WARN_RANGE_LOOP_ANALYSIS = YES;
				CLANG_WARN_STRICT_PROTOTYPES = YES;
				CLANG_WARN_SUSPICIOUS_MOVE = YES;
				CLANG_WARN_UNGUARDED_AVAILABILITY = YES_AGGRESSIVE;
				CLANG_WARN_UNREACHABLE_CODE = YES;
				CLANG_WARN__DUPLICATE_METHOD_MATCH = YES;
				CODE_SIGN_IDENTITY = "iPhone Developer";
				COPY_PHASE_STRIP = NO;
				DEBUG_INFORMATION_FORMAT = "dwarf-with-dsym";
				ENABLE_NS_ASSERTIONS = NO;
				ENABLE_STRICT_OBJC_MSGSEND = YES;
				GCC_C_LANGUAGE_STANDARD = gnu11;
				GCC_NO_COMMON_BLOCKS = YES;
				GCC_WARN_64_TO_32_BIT_CONVERSION = YES;
				GCC_WARN_ABOUT_RETURN_TYPE = YES_ERROR;
				GCC_WARN_UNDECLARED_SELECTOR = YES;
				GCC_WARN_UNINITIALIZED_AUTOS = YES_AGGRESSIVE;
				GCC_WARN_UNUSED_FUNCTION = YES;
				GCC_WARN_UNUSED_VARIABLE = YES;
				IPHONEOS_DEPLOYMENT_TARGET = 12.1;
				MTL_ENABLE_DEBUG_INFO = NO;
				MTL_FAST_MATH = YES;
				SDKROOT = iphoneos;
				SWIFT_COMPILATION_MODE = wholemodule;
				SWIFT_OPTIMIZATION_LEVEL = "-O";
				VALIDATE_PRODUCT = YES;
			};
			name = Release;
		};
		D38A058D229F33E600F373F2 /* Debug */ = {
			isa = XCBuildConfiguration;
			baseConfigurationReference = 82DF732F8D9FFB6660901996 /* Pods-Schooled.debug.xcconfig */;
			buildSettings = {
				ASSETCATALOG_COMPILER_APPICON_NAME = AppIcon;
				CLANG_ENABLE_MODULES = YES;
				CODE_SIGN_STYLE = Automatic;
				DEVELOPMENT_TEAM = QRLWKBGJT7;
				INFOPLIST_FILE = Schooled/Info.plist;
				LD_RUNPATH_SEARCH_PATHS = (
					"$(inherited)",
					"@executable_path/Frameworks",
				);
				PRODUCT_BUNDLE_IDENTIFIER = husseinsyed123.Schooled123;
				PRODUCT_NAME = "$(TARGET_NAME)";
				SWIFT_OBJC_BRIDGING_HEADER = "Schooled/SWRevealViewController/Schooled-Bridging-Header.h";
				SWIFT_OPTIMIZATION_LEVEL = "-Onone";
				SWIFT_VERSION = 4.2;
				TARGETED_DEVICE_FAMILY = "1,2";
			};
			name = Debug;
		};
		D38A058E229F33E600F373F2 /* Release */ = {
			isa = XCBuildConfiguration;
			baseConfigurationReference = 8C1E61B1FB5A77716ACBE237 /* Pods-Schooled.release.xcconfig */;
			buildSettings = {
				ASSETCATALOG_COMPILER_APPICON_NAME = AppIcon;
				CLANG_ENABLE_MODULES = YES;
				CODE_SIGN_STYLE = Automatic;
				DEVELOPMENT_TEAM = QRLWKBGJT7;
				INFOPLIST_FILE = Schooled/Info.plist;
				LD_RUNPATH_SEARCH_PATHS = (
					"$(inherited)",
					"@executable_path/Frameworks",
				);
				PRODUCT_BUNDLE_IDENTIFIER = husseinsyed123.Schooled123;
				PRODUCT_NAME = "$(TARGET_NAME)";
				SWIFT_OBJC_BRIDGING_HEADER = "Schooled/SWRevealViewController/Schooled-Bridging-Header.h";
				SWIFT_VERSION = 4.2;
				TARGETED_DEVICE_FAMILY = "1,2";
			};
			name = Release;
		};
		D38A0590229F33E600F373F2 /* Debug */ = {
			isa = XCBuildConfiguration;
			buildSettings = {
				ALWAYS_EMBED_SWIFT_STANDARD_LIBRARIES = YES;
				BUNDLE_LOADER = "$(TEST_HOST)";
				CODE_SIGN_STYLE = Automatic;
				DEVELOPMENT_TEAM = M2M9GQU494;
				INFOPLIST_FILE = SchooledTests/Info.plist;
				LD_RUNPATH_SEARCH_PATHS = (
					"$(inherited)",
					"@executable_path/Frameworks",
					"@loader_path/Frameworks",
				);
				PRODUCT_BUNDLE_IDENTIFIER = husseinsyed123.SchooledTests;
				PRODUCT_NAME = "$(TARGET_NAME)";
				SWIFT_VERSION = 4.2;
				TARGETED_DEVICE_FAMILY = "1,2";
				TEST_HOST = "$(BUILT_PRODUCTS_DIR)/Schooled.app/Schooled";
			};
			name = Debug;
		};
		D38A0591229F33E600F373F2 /* Release */ = {
			isa = XCBuildConfiguration;
			buildSettings = {
				ALWAYS_EMBED_SWIFT_STANDARD_LIBRARIES = YES;
				BUNDLE_LOADER = "$(TEST_HOST)";
				CODE_SIGN_STYLE = Automatic;
				DEVELOPMENT_TEAM = M2M9GQU494;
				INFOPLIST_FILE = SchooledTests/Info.plist;
				LD_RUNPATH_SEARCH_PATHS = (
					"$(inherited)",
					"@executable_path/Frameworks",
					"@loader_path/Frameworks",
				);
				PRODUCT_BUNDLE_IDENTIFIER = husseinsyed123.SchooledTests;
				PRODUCT_NAME = "$(TARGET_NAME)";
				SWIFT_VERSION = 4.2;
				TARGETED_DEVICE_FAMILY = "1,2";
				TEST_HOST = "$(BUILT_PRODUCTS_DIR)/Schooled.app/Schooled";
			};
			name = Release;
		};
		D38A0593229F33E600F373F2 /* Debug */ = {
			isa = XCBuildConfiguration;
			buildSettings = {
				ALWAYS_EMBED_SWIFT_STANDARD_LIBRARIES = YES;
				CODE_SIGN_STYLE = Automatic;
				DEVELOPMENT_TEAM = M2M9GQU494;
				INFOPLIST_FILE = SchooledUITests/Info.plist;
				LD_RUNPATH_SEARCH_PATHS = (
					"$(inherited)",
					"@executable_path/Frameworks",
					"@loader_path/Frameworks",
				);
				PRODUCT_BUNDLE_IDENTIFIER = husseinsyed123.SchooledUITests;
				PRODUCT_NAME = "$(TARGET_NAME)";
				SWIFT_VERSION = 4.2;
				TARGETED_DEVICE_FAMILY = "1,2";
				TEST_TARGET_NAME = Schooled;
			};
			name = Debug;
		};
		D38A0594229F33E600F373F2 /* Release */ = {
			isa = XCBuildConfiguration;
			buildSettings = {
				ALWAYS_EMBED_SWIFT_STANDARD_LIBRARIES = YES;
				CODE_SIGN_STYLE = Automatic;
				DEVELOPMENT_TEAM = M2M9GQU494;
				INFOPLIST_FILE = SchooledUITests/Info.plist;
				LD_RUNPATH_SEARCH_PATHS = (
					"$(inherited)",
					"@executable_path/Frameworks",
					"@loader_path/Frameworks",
				);
				PRODUCT_BUNDLE_IDENTIFIER = husseinsyed123.SchooledUITests;
				PRODUCT_NAME = "$(TARGET_NAME)";
				SWIFT_VERSION = 4.2;
				TARGETED_DEVICE_FAMILY = "1,2";
				TEST_TARGET_NAME = Schooled;
			};
			name = Release;
		};
/* End XCBuildConfiguration section */

/* Begin XCConfigurationList section */
		D38A055F229F33E400F373F2 /* Build configuration list for PBXProject "Schooled" */ = {
			isa = XCConfigurationList;
			buildConfigurations = (
				D38A058A229F33E600F373F2 /* Debug */,
				D38A058B229F33E600F373F2 /* Release */,
			);
			defaultConfigurationIsVisible = 0;
			defaultConfigurationName = Release;
		};
		D38A058C229F33E600F373F2 /* Build configuration list for PBXNativeTarget "Schooled" */ = {
			isa = XCConfigurationList;
			buildConfigurations = (
				D38A058D229F33E600F373F2 /* Debug */,
				D38A058E229F33E600F373F2 /* Release */,
			);
			defaultConfigurationIsVisible = 0;
			defaultConfigurationName = Release;
		};
		D38A058F229F33E600F373F2 /* Build configuration list for PBXNativeTarget "SchooledTests" */ = {
			isa = XCConfigurationList;
			buildConfigurations = (
				D38A0590229F33E600F373F2 /* Debug */,
				D38A0591229F33E600F373F2 /* Release */,
			);
			defaultConfigurationIsVisible = 0;
			defaultConfigurationName = Release;
		};
		D38A0592229F33E600F373F2 /* Build configuration list for PBXNativeTarget "SchooledUITests" */ = {
			isa = XCConfigurationList;
			buildConfigurations = (
				D38A0593229F33E600F373F2 /* Debug */,
				D38A0594229F33E600F373F2 /* Release */,
			);
			defaultConfigurationIsVisible = 0;
			defaultConfigurationName = Release;
		};
/* End XCConfigurationList section */
	};
	rootObject = D38A055C229F33E400F373F2 /* Project object */;
}
