PODS:
  - Alamofire (4.8.2)
  - AWSAuthCore (2.9.8):
    - AWSCore (= 2.9.8)
  - AWSCognito (2.9.8):
    - AWSCore (= 2.9.8)
  - AWSCognitoIdentityProvider (2.9.8):
    - AWSCognitoIdentityProviderASF (= 1.0.1)
    - AWSCore (= 2.9.8)
  - AWSCognitoIdentityProviderASF (1.0.1)
  - AWSCore (2.9.8)
  - AWSDynamoDB (2.9.8):
    - AWSCore (= 2.9.8)
  - AWSMobileClient (2.9.8):
    - AWSAuthCore (= 2.9.8)
    - AWSCognitoIdentityProvider (= 2.9.8)
  - AWSS3 (2.9.8):
    - AWSCore (= 2.9.8)
  - SendGrid (2.1.0)
  - Stripe (14.0.0)

DEPENDENCIES:
  - Alamofire
  - AWSCognito
  - AWSCognitoIdentityProvider (~> 2.9.0)
  - AWSCore
  - AWSCore (~> 2.9.0)
  - AWSDynamoDB
  - AWSMobileClient
  - AWSS3
  - SendGrid (from `https://github.com/scottkawai/sendgrid-swift.git`)
  - Stripe

SPEC REPOS:
  https://github.com/cocoapods/specs.git:
    - Alamofire
    - AWSAuthCore
    - AWSCognito
    - AWSCognitoIdentityProvider
    - AWSCognitoIdentityProviderASF
    - AWSCore
    - AWSDynamoDB
    - AWSMobileClient
    - AWSS3
    - Stripe

EXTERNAL SOURCES:
  SendGrid:
    :git: https://github.com/scottkawai/sendgrid-swift.git

CHECKOUT OPTIONS:
  SendGrid:
    :commit: 9334fe6c6b0a996291b3379a783a173db02f7945
    :git: https://github.com/scottkawai/sendgrid-swift.git

SPEC CHECKSUMS:
  Alamofire: ae5c501addb7afdbb13687d7f2f722c78734c2d3
  AWSAuthCore: 7ebbe523f28149a1706e7ec1736203cdaaeba380
  AWSCognito: b9890c55e85fba46fd9695192ab64420abbc4328
  AWSCognitoIdentityProvider: 738b488930eca71cbaa91ac53764b146e90a6650
  AWSCognitoIdentityProviderASF: f94f1a502e72ef3d0a1de93e10bf7a79c8698118
  AWSCore: 5da86c5afde44a87b06a2df50601bca81a8cee13
  AWSDynamoDB: 92861d2f95fb6754e29a6815f605cd90dd0b27d4
  AWSMobileClient: d3b6cbe30dcdb45866c85b0d088106504f72d4a3
  AWSS3: a5e12eb2495bbe49cda8b0595fa77280aacd7d3d
  SendGrid: 07926b96696f2b2e3b05398be14ac951796a6364
  Stripe: db29ad197c74aca6fb981e4e8355cf7ebd0fca5a

PODFILE CHECKSUM: 026fd07c9721e3211615f6d28de64fe16c4d1f15

COCOAPODS: 1.7.1
